
Microsoft Visual Studio Solution File, Format Version 12.00
# Visual Studio Version 17
VisualStudioVersion = 17.0.31903.59
MinimumVisualStudioVersion = 10.0.40219.1
Project("{2150E333-8FDC-42A3-9474-1A3956D46DE8}") = "Adapters", "Adapters", "{4C068D5C-542D-4C58-86E6-01351D8C5E78}"
EndProject
Project("{2150E333-8FDC-42A3-9474-1A3956D46DE8}") = "Driven", "Driven", "{8772E4EC-721F-408E-BD45-7599E3A9C766}"
EndProject
Project("{2150E333-8FDC-42A3-9474-1A3956D46DE8}") = "Drivers", "Drivers", "{B8A15E05-8E15-4FA6-9A22-2B2B5B191C1A}"
EndProject
Project("{2150E333-8FDC-42A3-9474-1A3956D46DE8}") = "Core", "Core", "{0EDA0FCF-824D-41CA-BCE4-965B93A25B70}"
EndProject
Project("{2150E333-8FDC-42A3-9474-1A3956D46DE8}") = "Domain", "Domain", "{504A2123-5832-40AD-862D-315C115E3DCC}"
EndProject
Project("{2150E333-8FDC-42A3-9474-1A3956D46DE8}") = "Application", "Application", "{46CE88EE-69E3-432B-9304-8097DD228CEC}"
EndProject
Project("{2150E333-8FDC-42A3-9474-1A3956D46DE8}") = "CrossCutting", "CrossCutting", "{A988FA9F-E6C2-4848-833F-AD348666CBCA}"
EndProject
Project("{2150E333-8FDC-42A3-9474-1A3956D46DE8}") = "Common", "Common", "{20591725-7649-4056-BB00-66D0F99E822C}"
EndProject
Project("{2150E333-8FDC-42A3-9474-1A3956D46DE8}") = "IoC", "IoC", "{0396A1E8-FB35-45E7-ABA6-7A513EF47DAF}"
EndProject
Project("{2150E333-8FDC-42A3-9474-1A3956D46DE8}") = "Tests", "Tests", "{62F83167-2F69-40C2-9B21-1E1188E2C84D}"
EndProject
Project("{FAE04EC0-301F-11D3-BF4B-00C04F79EFBC}") = "Ambev.Domain.Sales", "src\Ambev.Domain.Sales\Ambev.Domain.Sales.csproj", "{DCCC845D-9226-49A2-B9BF-7D9178BEB440}"
EndProject
Project("{FAE04EC0-301F-11D3-BF4B-00C04F79EFBC}") = "Ambev.Application.Sales", "src\Ambev.Application.Sales\Ambev.Application.Sales.csproj", "{3E0130CE-3CA4-4176-816A-204924EDFED8}"
EndProject
Project("{FAE04EC0-301F-11D3-BF4B-00C04F79EFBC}") = "Ambev.Persistence.Sales", "src\Ambev.Persistence.Sales\Ambev.Persistence.Sales.csproj", "{BE854D34-5B70-4E00-B9BB-C0648E886BA4}"
EndProject
Project("{FAE04EC0-301F-11D3-BF4B-00C04F79EFBC}") = "Ambev.IoC.Sales", "src\Ambev.IoC.Sales\Ambev.IoC.Sales.csproj", "{7D243F23-0A97-4B1F-950D-3EE3FE90DF0A}"
EndProject
Project("{FAE04EC0-301F-11D3-BF4B-00C04F79EFBC}") = "Ambev.IoC.Common", "src\Ambev.IoC.Common\Ambev.IoC.Common.csproj", "{F4D5766A-97E5-4BFC-9994-43651705D24C}"
EndProject
Project("{FAE04EC0-301F-11D3-BF4B-00C04F79EFBC}") = "Ambev.WebApi.Sales", "src\Ambev.WebApi.Sales\Ambev.WebApi.Sales.csproj", "{8EC4DFFE-91CD-4E03-B32E-95380B5C6A88}"
EndProject
Project("{FAE04EC0-301F-11D3-BF4B-00C04F79EFBC}") = "Ambev.Common.Configuration", "src\Ambev.Common.Configuration\Ambev.Common.Configuration.csproj", "{1331C1BB-D1ED-4A40-828C-0555C9071EB0}"
EndProject
Project("{FAE04EC0-301F-11D3-BF4B-00C04F79EFBC}") = "Ambev.Domain.Common", "src\Ambev.Domain.Common\Ambev.Domain.Common.csproj", "{A0B9DC39-B6B3-4125-A6F1-F55C9007DA8D}"
EndProject
Project("{FAE04EC0-301F-11D3-BF4B-00C04F79EFBC}") = "Ambev.Persistence.Common", "src\Ambev.Persistence.Common\Ambev.Persistence.Common.csproj", "{5014F488-7D40-4B05-8776-10D41788BFDF}"
EndProject
Project("{FAE04EC0-301F-11D3-BF4B-00C04F79EFBC}") = "Ambev.Tests.UnitTests", "test\Ambev.Tests.UnitTests\Ambev.Tests.UnitTests.csproj", "{B7FC7669-FFC4-49A1-932D-2F1CA43F6ED5}"
EndProject
Project("{FAE04EC0-301F-11D3-BF4B-00C04F79EFBC}") = "Ambev.Worker.Sales", "src\Ambev.Worker.Sales\Ambev.Worker.Sales.csproj", "{4349DFB7-C9EE-4E34-81E6-59F82970A078}"
EndProject
Global
	GlobalSection(SolutionConfigurationPlatforms) = preSolution
		Debug|Any CPU = Debug|Any CPU
		Release|Any CPU = Release|Any CPU
	EndGlobalSection
	GlobalSection(ProjectConfigurationPlatforms) = postSolution
		{DCCC845D-9226-49A2-B9BF-7D9178BEB440}.Debug|Any CPU.ActiveCfg = Debug|Any CPU
		{DCCC845D-9226-49A2-B9BF-7D9178BEB440}.Debug|Any CPU.Build.0 = Debug|Any CPU
		{DCCC845D-9226-49A2-B9BF-7D9178BEB440}.Release|Any CPU.ActiveCfg = Release|Any CPU
		{DCCC845D-9226-49A2-B9BF-7D9178BEB440}.Release|Any CPU.Build.0 = Release|Any CPU
		{3E0130CE-3CA4-4176-816A-204924EDFED8}.Debug|Any CPU.ActiveCfg = Debug|Any CPU
		{3E0130CE-3CA4-4176-816A-204924EDFED8}.Debug|Any CPU.Build.0 = Debug|Any CPU
		{3E0130CE-3CA4-4176-816A-204924EDFED8}.Release|Any CPU.ActiveCfg = Release|Any CPU
		{3E0130CE-3CA4-4176-816A-204924EDFED8}.Release|Any CPU.Build.0 = Release|Any CPU
		{BE854D34-5B70-4E00-B9BB-C0648E886BA4}.Debug|Any CPU.ActiveCfg = Debug|Any CPU
		{BE854D34-5B70-4E00-B9BB-C0648E886BA4}.Debug|Any CPU.Build.0 = Debug|Any CPU
		{BE854D34-5B70-4E00-B9BB-C0648E886BA4}.Release|Any CPU.ActiveCfg = Release|Any CPU
		{BE854D34-5B70-4E00-B9BB-C0648E886BA4}.Release|Any CPU.Build.0 = Release|Any CPU
		{7D243F23-0A97-4B1F-950D-3EE3FE90DF0A}.Debug|Any CPU.ActiveCfg = Debug|Any CPU
		{7D243F23-0A97-4B1F-950D-3EE3FE90DF0A}.Debug|Any CPU.Build.0 = Debug|Any CPU
		{7D243F23-0A97-4B1F-950D-3EE3FE90DF0A}.Release|Any CPU.ActiveCfg = Release|Any CPU
		{7D243F23-0A97-4B1F-950D-3EE3FE90DF0A}.Release|Any CPU.Build.0 = Release|Any CPU
		{F4D5766A-97E5-4BFC-9994-43651705D24C}.Debug|Any CPU.ActiveCfg = Debug|Any CPU
		{F4D5766A-97E5-4BFC-9994-43651705D24C}.Debug|Any CPU.Build.0 = Debug|Any CPU
		{F4D5766A-97E5-4BFC-9994-43651705D24C}.Release|Any CPU.ActiveCfg = Release|Any CPU
		{F4D5766A-97E5-4BFC-9994-43651705D24C}.Release|Any CPU.Build.0 = Release|Any CPU
		{8EC4DFFE-91CD-4E03-B32E-95380B5C6A88}.Debug|Any CPU.ActiveCfg = Debug|Any CPU
		{8EC4DFFE-91CD-4E03-B32E-95380B5C6A88}.Debug|Any CPU.Build.0 = Debug|Any CPU
		{8EC4DFFE-91CD-4E03-B32E-95380B5C6A88}.Release|Any CPU.ActiveCfg = Release|Any CPU
		{8EC4DFFE-91CD-4E03-B32E-95380B5C6A88}.Release|Any CPU.Build.0 = Release|Any CPU
		{1331C1BB-D1ED-4A40-828C-0555C9071EB0}.Debug|Any CPU.ActiveCfg = Debug|Any CPU
		{1331C1BB-D1ED-4A40-828C-0555C9071EB0}.Debug|Any CPU.Build.0 = Debug|Any CPU
		{1331C1BB-D1ED-4A40-828C-0555C9071EB0}.Release|Any CPU.ActiveCfg = Release|Any CPU
		{1331C1BB-D1ED-4A40-828C-0555C9071EB0}.Release|Any CPU.Build.0 = Release|Any CPU
		{A0B9DC39-B6B3-4125-A6F1-F55C9007DA8D}.Debug|Any CPU.ActiveCfg = Debug|Any CPU
		{A0B9DC39-B6B3-4125-A6F1-F55C9007DA8D}.Debug|Any CPU.Build.0 = Debug|Any CPU
		{A0B9DC39-B6B3-4125-A6F1-F55C9007DA8D}.Release|Any CPU.ActiveCfg = Release|Any CPU
		{A0B9DC39-B6B3-4125-A6F1-F55C9007DA8D}.Release|Any CPU.Build.0 = Release|Any CPU
		{5014F488-7D40-4B05-8776-10D41788BFDF}.Debug|Any CPU.ActiveCfg = Debug|Any CPU
		{5014F488-7D40-4B05-8776-10D41788BFDF}.Debug|Any CPU.Build.0 = Debug|Any CPU
		{5014F488-7D40-4B05-8776-10D41788BFDF}.Release|Any CPU.ActiveCfg = Release|Any CPU
		{5014F488-7D40-4B05-8776-10D41788BFDF}.Release|Any CPU.Build.0 = Release|Any CPU
		{B7FC7669-FFC4-49A1-932D-2F1CA43F6ED5}.Debug|Any CPU.ActiveCfg = Debug|Any CPU
		{B7FC7669-FFC4-49A1-932D-2F1CA43F6ED5}.Debug|Any CPU.Build.0 = Debug|Any CPU
		{B7FC7669-FFC4-49A1-932D-2F1CA43F6ED5}.Release|Any CPU.ActiveCfg = Release|Any CPU
		{B7FC7669-FFC4-49A1-932D-2F1CA43F6ED5}.Release|Any CPU.Build.0 = Release|Any CPU
		{4349DFB7-C9EE-4E34-81E6-59F82970A078}.Debug|Any CPU.ActiveCfg = Debug|Any CPU
		{4349DFB7-C9EE-4E34-81E6-59F82970A078}.Debug|Any CPU.Build.0 = Debug|Any CPU
		{4349DFB7-C9EE-4E34-81E6-59F82970A078}.Release|Any CPU.ActiveCfg = Release|Any CPU
		{4349DFB7-C9EE-4E34-81E6-59F82970A078}.Release|Any CPU.Build.0 = Release|Any CPU
	EndGlobalSection
	GlobalSection(SolutionProperties) = preSolution
		HideSolutionNode = FALSE
	EndGlobalSection
	GlobalSection(NestedProjects) = preSolution
		{8772E4EC-721F-408E-BD45-7599E3A9C766} = {4C068D5C-542D-4C58-86E6-01351D8C5E78}
		{B8A15E05-8E15-4FA6-9A22-2B2B5B191C1A} = {4C068D5C-542D-4C58-86E6-01351D8C5E78}
		{504A2123-5832-40AD-862D-315C115E3DCC} = {0EDA0FCF-824D-41CA-BCE4-965B93A25B70}
		{46CE88EE-69E3-432B-9304-8097DD228CEC} = {0EDA0FCF-824D-41CA-BCE4-965B93A25B70}
		{20591725-7649-4056-BB00-66D0F99E822C} = {A988FA9F-E6C2-4848-833F-AD348666CBCA}
		{0396A1E8-FB35-45E7-ABA6-7A513EF47DAF} = {A988FA9F-E6C2-4848-833F-AD348666CBCA}
		{DCCC845D-9226-49A2-B9BF-7D9178BEB440} = {504A2123-5832-40AD-862D-315C115E3DCC}
		{3E0130CE-3CA4-4176-816A-204924EDFED8} = {46CE88EE-69E3-432B-9304-8097DD228CEC}
		{BE854D34-5B70-4E00-B9BB-C0648E886BA4} = {8772E4EC-721F-408E-BD45-7599E3A9C766}
		{7D243F23-0A97-4B1F-950D-3EE3FE90DF0A} = {0396A1E8-FB35-45E7-ABA6-7A513EF47DAF}
		{F4D5766A-97E5-4BFC-9994-43651705D24C} = {0396A1E8-FB35-45E7-ABA6-7A513EF47DAF}
		{8EC4DFFE-91CD-4E03-B32E-95380B5C6A88} = {B8A15E05-8E15-4FA6-9A22-2B2B5B191C1A}
		{1331C1BB-D1ED-4A40-828C-0555C9071EB0} = {20591725-7649-4056-BB00-66D0F99E822C}
		{A0B9DC39-B6B3-4125-A6F1-F55C9007DA8D} = {504A2123-5832-40AD-862D-315C115E3DCC}
		{5014F488-7D40-4B05-8776-10D41788BFDF} = {8772E4EC-721F-408E-BD45-7599E3A9C766}
		{B7FC7669-FFC4-49A1-932D-2F1CA43F6ED5} = {62F83167-2F69-40C2-9B21-1E1188E2C84D}
		{4349DFB7-C9EE-4E34-81E6-59F82970A078} = {B8A15E05-8E15-4FA6-9A22-2B2B5B191C1A}
	EndGlobalSection
EndGlobal
